
Microsoft Visual Studio Solution File, Format Version 12.00
# Visual Studio 15
VisualStudioVersion = 15.0.28010.2048
MinimumVisualStudioVersion = 10.0.40219.1
Project("{FAE04EC0-301F-11D3-BF4B-00C04F79EFBC}") = "MouseTrap", "MouseTrap\MouseTrap.csproj", "{7D3F74F8-5F37-4CC2-A82C-64669E4B3AB3}"
EndProject
Global
	GlobalSection(SolutionConfigurationPlatforms) = preSolution
		Debug|Any CPU = Debug|Any CPU
		Release|Any CPU = Release|Any CPU
	EndGlobalSection
	GlobalSection(ProjectConfigurationPlatforms) = postSolution
		{7D3F74F8-5F37-4CC2-A82C-64669E4B3AB3}.Debug|Any CPU.ActiveCfg = Debug|Any CPU
		{7D3F74F8-5F37-4CC2-A82C-64669E4B3AB3}.Debug|Any CPU.Build.0 = Debug|Any CPU
		{7D3F74F8-5F37-4CC2-A82C-64669E4B3AB3}.Release|Any CPU.ActiveCfg = Release|Any CPU
		{7D3F74F8-5F37-4CC2-A82C-64669E4B3AB3}.Release|Any CPU.Build.0 = Release|Any CPU
	EndGlobalSection
	GlobalSection(SolutionProperties) = preSolution
		HideSolutionNode = FALSE
	EndGlobalSection
	GlobalSection(ExtensibilityGlobals) = postSolution
		SolutionGuid = {1ED2F7D2-D0C7-4637-97BF-B31CDFC7C5B2}
	EndGlobalSection
EndGlobal
